// !$*UTF8*$!
{
	archiveVersion = 1;
	classes = {
	};
	objectVersion = 56;
	objects = {

/* Begin PBXBuildFile section */
		F60C7D7E2CC00BD0009DDA55 /* uragentApp.swift in Sources */ = {isa = PBXBuildFile; fileRef = F60C7D7D2CC00BD0009DDA55 /* uragentApp.swift */; };
		F60C7D802CC00BD0009DDA55 /* ContentView.swift in Sources */ = {isa = PBXBuildFile; fileRef = F60C7D7F2CC00BD0009DDA55 /* ContentView.swift */; };
		F60C7D822CC00BD1009DDA55 /* Assets.xcassets in Resources */ = {isa = PBXBuildFile; fileRef = F60C7D812CC00BD1009DDA55 /* Assets.xcassets */; };
		F60C7D852CC00BD1009DDA55 /* Preview Assets.xcassets in Resources */ = {isa = PBXBuildFile; fileRef = F60C7D842CC00BD1009DDA55 /* Preview Assets.xcassets */; };
		F60C7D8F2CC00BD1009DDA55 /* uragentTests.swift in Sources */ = {isa = PBXBuildFile; fileRef = F60C7D8E2CC00BD1009DDA55 /* uragentTests.swift */; };
		F60C7D992CC00BD1009DDA55 /* uragentUITests.swift in Sources */ = {isa = PBXBuildFile; fileRef = F60C7D982CC00BD1009DDA55 /* uragentUITests.swift */; };
		F60C7D9B2CC00BD1009DDA55 /* uragentUITestsLaunchTests.swift in Sources */ = {isa = PBXBuildFile; fileRef = F60C7D9A2CC00BD1009DDA55 /* uragentUITestsLaunchTests.swift */; };
/* End PBXBuildFile section */

/* Begin PBXContainerItemProxy section */
		F60C7D8B2CC00BD1009DDA55 /* PBXContainerItemProxy */ = {
			isa = PBXContainerItemProxy;
			containerPortal = F60C7D722CC00BD0009DDA55 /* Project object */;
			proxyType = 1;
			remoteGlobalIDString = F60C7D792CC00BD0009DDA55;
			remoteInfo = uragent;
		};
		F60C7D952CC00BD1009DDA55 /* PBXContainerItemProxy */ = {
			isa = PBXContainerItemProxy;
			containerPortal = F60C7D722CC00BD0009DDA55 /* Project object */;
			proxyType = 1;
			remoteGlobalIDString = F60C7D792CC00BD0009DDA55;
			remoteInfo = uragent;
		};
/* End PBXContainerItemProxy section */

/* Begin PBXFileReference section */
		F60C7D7A2CC00BD0009DDA55 /* uragent.app */ = {isa = PBXFileReference; explicitFileType = wrapper.application; includeInIndex = 0; path = uragent.app; sourceTree = BUILT_PRODUCTS_DIR; };
		F60C7D7D2CC00BD0009DDA55 /* uragentApp.swift */ = {isa = PBXFileReference; lastKnownFileType = sourcecode.swift; path = uragentApp.swift; sourceTree = "<group>"; };
		F60C7D7F2CC00BD0009DDA55 /* ContentView.swift */ = {isa = PBXFileReference; lastKnownFileType = sourcecode.swift; path = ContentView.swift; sourceTree = "<group>"; };
		F60C7D812CC00BD1009DDA55 /* Assets.xcassets */ = {isa = PBXFileReference; lastKnownFileType = folder.assetcatalog; path = Assets.xcassets; sourceTree = "<group>"; };
		F60C7D842CC00BD1009DDA55 /* Preview Assets.xcassets */ = {isa = PBXFileReference; lastKnownFileType = folder.assetcatalog; path = "Preview Assets.xcassets"; sourceTree = "<group>"; };
		F60C7D8A2CC00BD1009DDA55 /* uragentTests.xctest */ = {isa = PBXFileReference; explicitFileType = wrapper.cfbundle; includeInIndex = 0; path = uragentTests.xctest; sourceTree = BUILT_PRODUCTS_DIR; };
		F60C7D8E2CC00BD1009DDA55 /* uragentTests.swift */ = {isa = PBXFileReference; lastKnownFileType = sourcecode.swift; path = uragentTests.swift; sourceTree = "<group>"; };
		F60C7D942CC00BD1009DDA55 /* uragentUITests.xctest */ = {isa = PBXFileReference; explicitFileType = wrapper.cfbundle; includeInIndex = 0; path = uragentUITests.xctest; sourceTree = BUILT_PRODUCTS_DIR; };
		F60C7D982CC00BD1009DDA55 /* uragentUITests.swift */ = {isa = PBXFileReference; lastKnownFileType = sourcecode.swift; path = uragentUITests.swift; sourceTree = "<group>"; };
		F60C7D9A2CC00BD1009DDA55 /* uragentUITestsLaunchTests.swift */ = {isa = PBXFileReference; lastKnownFileType = sourcecode.swift; path = uragentUITestsLaunchTests.swift; sourceTree = "<group>"; };
		F641FB2E2CC00CB30089E5BD /* uragent.entitlements */ = {isa = PBXFileReference; lastKnownFileType = text.plist.entitlements; path = uragent.entitlements; sourceTree = "<group>"; };
/* End PBXFileReference section */

/* Begin PBXFrameworksBuildPhase section */
		F60C7D772CC00BD0009DDA55 /* Frameworks */ = {
			isa = PBXFrameworksBuildPhase;
			buildActionMask = 2147483647;
			files = (
			);
			runOnlyForDeploymentPostprocessing = 0;
		};
		F60C7D872CC00BD1009DDA55 /* Frameworks */ = {
			isa = PBXFrameworksBuildPhase;
			buildActionMask = 2147483647;
			files = (
			);
			runOnlyForDeploymentPostprocessing = 0;
		};
		F60C7D912CC00BD1009DDA55 /* Frameworks */ = {
			isa = PBXFrameworksBuildPhase;
			buildActionMask = 2147483647;
			files = (
			);
			runOnlyForDeploymentPostprocessing = 0;
		};
/* End PBXFrameworksBuildPhase section */

/* Begin PBXGroup section */
		F60C7D712CC00BD0009DDA55 = {
			isa = PBXGroup;
			children = (
				F60C7D7C2CC00BD0009DDA55 /* uragent */,
				F60C7D8D2CC00BD1009DDA55 /* uragentTests */,
				F60C7D972CC00BD1009DDA55 /* uragentUITests */,
				F60C7D7B2CC00BD0009DDA55 /* Products */,
			);
			sourceTree = "<group>";
		};
		F60C7D7B2CC00BD0009DDA55 /* Products */ = {
			isa = PBXGroup;
			children = (
				F60C7D7A2CC00BD0009DDA55 /* uragent.app */,
				F60C7D8A2CC00BD1009DDA55 /* uragentTests.xctest */,
				F60C7D942CC00BD1009DDA55 /* uragentUITests.xctest */,
			);
			name = Products;
			sourceTree = "<group>";
		};
		F60C7D7C2CC00BD0009DDA55 /* uragent */ = {
			isa = PBXGroup;
			children = (
				F641FB2E2CC00CB30089E5BD /* uragent.entitlements */,
				F60C7D7D2CC00BD0009DDA55 /* uragentApp.swift */,
				F60C7D7F2CC00BD0009DDA55 /* ContentView.swift */,
				F60C7D812CC00BD1009DDA55 /* Assets.xcassets */,
				F60C7D832CC00BD1009DDA55 /* Preview Content */,
			);
			path = uragent;
			sourceTree = "<group>";
		};
		F60C7D832CC00BD1009DDA55 /* Preview Content */ = {
			isa = PBXGroup;
			children = (
				F60C7D842CC00BD1009DDA55 /* Preview Assets.xcassets */,
			);
			path = "Preview Content";
			sourceTree = "<group>";
		};
		F60C7D8D2CC00BD1009DDA55 /* uragentTests */ = {
			isa = PBXGroup;
			children = (
				F60C7D8E2CC00BD1009DDA55 /* uragentTests.swift */,
			);
			path = uragentTests;
			sourceTree = "<group>";
		};
		F60C7D972CC00BD1009DDA55 /* uragentUITests */ = {
			isa = PBXGroup;
			children = (
				F60C7D982CC00BD1009DDA55 /* uragentUITests.swift */,
				F60C7D9A2CC00BD1009DDA55 /* uragentUITestsLaunchTests.swift */,
			);
			path = uragentUITests;
			sourceTree = "<group>";
		};
/* End PBXGroup section */

/* Begin PBXNativeTarget section */
		F60C7D792CC00BD0009DDA55 /* uragent */ = {
			isa = PBXNativeTarget;
			buildConfigurationList = F60C7D9E2CC00BD1009DDA55 /* Build configuration list for PBXNativeTarget "uragent" */;
			buildPhases = (
				F60C7D762CC00BD0009DDA55 /* Sources */,
				F60C7D772CC00BD0009DDA55 /* Frameworks */,
				F60C7D782CC00BD0009DDA55 /* Resources */,
			);
			buildRules = (
			);
			dependencies = (
			);
			name = uragent;
			productName = uragent;
			productReference = F60C7D7A2CC00BD0009DDA55 /* uragent.app */;
			productType = "com.apple.product-type.application";
		};
		F60C7D892CC00BD1009DDA55 /* uragentTests */ = {
			isa = PBXNativeTarget;
			buildConfigurationList = F60C7DA12CC00BD1009DDA55 /* Build configuration list for PBXNativeTarget "uragentTests" */;
			buildPhases = (
				F60C7D862CC00BD1009DDA55 /* Sources */,
				F60C7D872CC00BD1009DDA55 /* Frameworks */,
				F60C7D882CC00BD1009DDA55 /* Resources */,
			);
			buildRules = (
			);
			dependencies = (
				F60C7D8C2CC00BD1009DDA55 /* PBXTargetDependency */,
			);
			name = uragentTests;
			productName = uragentTests;
			productReference = F60C7D8A2CC00BD1009DDA55 /* uragentTests.xctest */;
			productType = "com.apple.product-type.bundle.unit-test";
		};
		F60C7D932CC00BD1009DDA55 /* uragentUITests */ = {
			isa = PBXNativeTarget;
			buildConfigurationList = F60C7DA42CC00BD1009DDA55 /* Build configuration list for PBXNativeTarget "uragentUITests" */;
			buildPhases = (
				F60C7D902CC00BD1009DDA55 /* Sources */,
				F60C7D912CC00BD1009DDA55 /* Frameworks */,
				F60C7D922CC00BD1009DDA55 /* Resources */,
			);
			buildRules = (
			);
			dependencies = (
				F60C7D962CC00BD1009DDA55 /* PBXTargetDependency */,
			);
			name = uragentUITests;
			productName = uragentUITests;
			productReference = F60C7D942CC00BD1009DDA55 /* uragentUITests.xctest */;
			productType = "com.apple.product-type.bundle.ui-testing";
		};
/* End PBXNativeTarget section */

/* Begin PBXProject section */
		F60C7D722CC00BD0009DDA55 /* Project object */ = {
			isa = PBXProject;
			attributes = {
				BuildIndependentTargetsInParallel = 1;
				LastSwiftUpdateCheck = 1540;
				LastUpgradeCheck = 1540;
				TargetAttributes = {
					F60C7D792CC00BD0009DDA55 = {
						CreatedOnToolsVersion = 15.4;
					};
					F60C7D892CC00BD1009DDA55 = {
						CreatedOnToolsVersion = 15.4;
						TestTargetID = F60C7D792CC00BD0009DDA55;
					};
					F60C7D932CC00BD1009DDA55 = {
						CreatedOnToolsVersion = 15.4;
						TestTargetID = F60C7D792CC00BD0009DDA55;
					};
				};
			};
			buildConfigurationList = F60C7D752CC00BD0009DDA55 /* Build configuration list for PBXProject "uragent" */;
			compatibilityVersion = "Xcode 14.0";
			developmentRegion = en;
			hasScannedForEncodings = 0;
			knownRegions = (
				en,
				Base,
			);
			mainGroup = F60C7D712CC00BD0009DDA55;
			productRefGroup = F60C7D7B2CC00BD0009DDA55 /* Products */;
			projectDirPath = "";
			projectRoot = "";
			targets = (
				F60C7D792CC00BD0009DDA55 /* uragent */,
				F60C7D892CC00BD1009DDA55 /* uragentTests */,
				F60C7D932CC00BD1009DDA55 /* uragentUITests */,
			);
		};
/* End PBXProject section */

/* Begin PBXResourcesBuildPhase section */
		F60C7D782CC00BD0009DDA55 /* Resources */ = {
			isa = PBXResourcesBuildPhase;
			buildActionMask = 2147483647;
			files = (
				F60C7D852CC00BD1009DDA55 /* Preview Assets.xcassets in Resources */,
				F60C7D822CC00BD1009DDA55 /* Assets.xcassets in Resources */,
			);
			runOnlyForDeploymentPostprocessing = 0;
		};
		F60C7D882CC00BD1009DDA55 /* Resources */ = {
			isa = PBXResourcesBuildPhase;
			buildActionMask = 2147483647;
			files = (
			);
			runOnlyForDeploymentPostprocessing = 0;
		};
		F60C7D922CC00BD1009DDA55 /* Resources */ = {
			isa = PBXResourcesBuildPhase;
			buildActionMask = 2147483647;
			files = (
			);
			runOnlyForDeploymentPostprocessing = 0;
		};
/* End PBXResourcesBuildPhase section */

/* Begin PBXSourcesBuildPhase section */
		F60C7D762CC00BD0009DDA55 /* Sources */ = {
			isa = PBXSourcesBuildPhase;
			buildActionMask = 2147483647;
			files = (
				F60C7D802CC00BD0009DDA55 /* ContentView.swift in Sources */,
				F60C7D7E2CC00BD0009DDA55 /* uragentApp.swift in Sources */,
			);
			runOnlyForDeploymentPostprocessing = 0;
		};
		F60C7D862CC00BD1009DDA55 /* Sources */ = {
			isa = PBXSourcesBuildPhase;
			buildActionMask = 2147483647;
			files = (
				F60C7D8F2CC00BD1009DDA55 /* uragentTests.swift in Sources */,
			);
			runOnlyForDeploymentPostprocessing = 0;
		};
		F60C7D902CC00BD1009DDA55 /* Sources */ = {
			isa = PBXSourcesBuildPhase;
			buildActionMask = 2147483647;
			files = (
				F60C7D992CC00BD1009DDA55 /* uragentUITests.swift in Sources */,
				F60C7D9B2CC00BD1009DDA55 /* uragentUITestsLaunchTests.swift in Sources */,
			);
			runOnlyForDeploymentPostprocessing = 0;
		};
/* End PBXSourcesBuildPhase section */

/* Begin PBXTargetDependency section */
		F60C7D8C2CC00BD1009DDA55 /* PBXTargetDependency */ = {
			isa = PBXTargetDependency;
			target = F60C7D792CC00BD0009DDA55 /* uragent */;
			targetProxy = F60C7D8B2CC00BD1009DDA55 /* PBXContainerItemProxy */;
		};
		F60C7D962CC00BD1009DDA55 /* PBXTargetDependency */ = {
			isa = PBXTargetDependency;
			target = F60C7D792CC00BD0009DDA55 /* uragent */;
			targetProxy = F60C7D952CC00BD1009DDA55 /* PBXContainerItemProxy */;
		};
/* End PBXTargetDependency section */

/* Begin XCBuildConfiguration section */
		F60C7D9C2CC00BD1009DDA55 /* Debug */ = {
			isa = XCBuildConfiguration;
			buildSettings = {
				ALWAYS_SEARCH_USER_PATHS = NO;
				ASSETCATALOG_COMPILER_GENERATE_SWIFT_ASSET_SYMBOL_EXTENSIONS = YES;
				CLANG_ANALYZER_NONNULL = YES;
				CLANG_ANALYZER_NUMBER_OBJECT_CONVERSION = YES_AGGRESSIVE;
				CLANG_CXX_LANGUAGE_STANDARD = "gnu++20";
				CLANG_ENABLE_MODULES = YES;
				CLANG_ENABLE_OBJC_ARC = YES;
				CLANG_ENABLE_OBJC_WEAK = YES;
				CLANG_WARN_BLOCK_CAPTURE_AUTORELEASING = YES;
				CLANG_WARN_BOOL_CONVERSION = YES;
				CLANG_WARN_COMMA = YES;
				CLANG_WARN_CONSTANT_CONVERSION = YES;
				CLANG_WARN_DEPRECATED_OBJC_IMPLEMENTATIONS = YES;
				CLANG_WARN_DIRECT_OBJC_ISA_USAGE = YES_ERROR;
				CLANG_WARN_DOCUMENTATION_COMMENTS = YES;
				CLANG_WARN_EMPTY_BODY = YES;
				CLANG_WARN_ENUM_CONVERSION = YES;
				CLANG_WARN_INFINITE_RECURSION = YES;
				CLANG_WARN_INT_CONVERSION = YES;
				CLANG_WARN_NON_LITERAL_NULL_CONVERSION = YES;
				CLANG_WARN_OBJC_IMPLICIT_RETAIN_SELF = YES;
				CLANG_WARN_OBJC_LITERAL_CONVERSION = YES;
				CLANG_WARN_OBJC_ROOT_CLASS = YES_ERROR;
				CLANG_WARN_QUOTED_INCLUDE_IN_FRAMEWORK_HEADER = YES;
				CLANG_WARN_RANGE_LOOP_ANALYSIS = YES;
				CLANG_WARN_STRICT_PROTOTYPES = YES;
				CLANG_WARN_SUSPICIOUS_MOVE = YES;
				CLANG_WARN_UNGUARDED_AVAILABILITY = YES_AGGRESSIVE;
				CLANG_WARN_UNREACHABLE_CODE = YES;
				CLANG_WARN__DUPLICATE_METHOD_MATCH = YES;
				COPY_PHASE_STRIP = NO;
				DEBUG_INFORMATION_FORMAT = dwarf;
				ENABLE_STRICT_OBJC_MSGSEND = YES;
				ENABLE_TESTABILITY = YES;
				ENABLE_USER_SCRIPT_SANDBOXING = YES;
				GCC_C_LANGUAGE_STANDARD = gnu17;
				GCC_DYNAMIC_NO_PIC = NO;
				GCC_NO_COMMON_BLOCKS = YES;
				GCC_OPTIMIZATION_LEVEL = 0;
				GCC_PREPROCESSOR_DEFINITIONS = (
					"DEBUG=1",
					"$(inherited)",
				);
				GCC_WARN_64_TO_32_BIT_CONVERSION = YES;
				GCC_WARN_ABOUT_RETURN_TYPE = YES_ERROR;
				GCC_WARN_UNDECLARED_SELECTOR = YES;
				GCC_WARN_UNINITIALIZED_AUTOS = YES_AGGRESSIVE;
				GCC_WARN_UNUSED_FUNCTION = YES;
				GCC_WARN_UNUSED_VARIABLE = YES;
				IPHONEOS_DEPLOYMENT_TARGET = 17.5;
				LOCALIZATION_PREFERS_STRING_CATALOGS = YES;
				MTL_ENABLE_DEBUG_INFO = INCLUDE_SOURCE;
				MTL_FAST_MATH = YES;
				ONLY_ACTIVE_ARCH = YES;
				SDKROOT = iphoneos;
				SWIFT_ACTIVE_COMPILATION_CONDITIONS = "DEBUG $(inherited)";
				SWIFT_OPTIMIZATION_LEVEL = "-Onone";
			};
			name = Debug;
		};
		F60C7D9D2CC00BD1009DDA55 /* Release */ = {
			isa = XCBuildConfiguration;
			buildSettings = {
				ALWAYS_SEARCH_USER_PATHS = NO;
				ASSETCATALOG_COMPILER_GENERATE_SWIFT_ASSET_SYMBOL_EXTENSIONS = YES;
				CLANG_ANALYZER_NONNULL = YES;
				CLANG_ANALYZER_NUMBER_OBJECT_CONVERSION = YES_AGGRESSIVE;
				CLANG_CXX_LANGUAGE_STANDARD = "gnu++20";
				CLANG_ENABLE_MODULES = YES;
				CLANG_ENABLE_OBJC_ARC = YES;
				CLANG_ENABLE_OBJC_WEAK = YES;
				CLANG_WARN_BLOCK_CAPTURE_AUTORELEASING = YES;
				CLANG_WARN_BOOL_CONVERSION = YES;
				CLANG_WARN_COMMA = YES;
				CLANG_WARN_CONSTANT_CONVERSION = YES;
				CLANG_WARN_DEPRECATED_OBJC_IMPLEMENTATIONS = YES;
				CLANG_WARN_DIRECT_OBJC_ISA_USAGE = YES_ERROR;
				CLANG_WARN_DOCUMENTATION_COMMENTS = YES;
				CLANG_WARN_EMPTY_BODY = YES;
				CLANG_WARN_ENUM_CONVERSION = YES;
				CLANG_WARN_INFINITE_RECURSION = YES;
				CLANG_WARN_INT_CONVERSION = YES;
				CLANG_WARN_NON_LITERAL_NULL_CONVERSION = YES;
				CLANG_WARN_OBJC_IMPLICIT_RETAIN_SELF = YES;
				CLANG_WARN_OBJC_LITERAL_CONVERSION = YES;
				CLANG_WARN_OBJC_ROOT_CLASS = YES_ERROR;
				CLANG_WARN_QUOTED_INCLUDE_IN_FRAMEWORK_HEADER = YES;
				CLANG_WARN_RANGE_LOOP_ANALYSIS = YES;
				CLANG_WARN_STRICT_PROTOTYPES = YES;
				CLANG_WARN_SUSPICIOUS_MOVE = YES;
				CLANG_WARN_UNGUARDED_AVAILABILITY = YES_AGGRESSIVE;
				CLANG_WARN_UNREACHABLE_CODE = YES;
				CLANG_WARN__DUPLICATE_METHOD_MATCH = YES;
				COPY_PHASE_STRIP = NO;
				DEBUG_INFORMATION_FORMAT = "dwarf-with-dsym";
				ENABLE_NS_ASSERTIONS = NO;
				ENABLE_STRICT_OBJC_MSGSEND = YES;
				ENABLE_USER_SCRIPT_SANDBOXING = YES;
				GCC_C_LANGUAGE_STANDARD = gnu17;
				GCC_NO_COMMON_BLOCKS = YES;
				GCC_WARN_64_TO_32_BIT_CONVERSION = YES;
				GCC_WARN_ABOUT_RETURN_TYPE = YES_ERROR;
				GCC_WARN_UNDECLARED_SELECTOR = YES;
				GCC_WARN_UNINITIALIZED_AUTOS = YES_AGGRESSIVE;
				GCC_WARN_UNUSED_FUNCTION = YES;
				GCC_WARN_UNUSED_VARIABLE = YES;
				IPHONEOS_DEPLOYMENT_TARGET = 17.5;
				LOCALIZATION_PREFERS_STRING_CATALOGS = YES;
				MTL_ENABLE_DEBUG_INFO = NO;
				MTL_FAST_MATH = YES;
				SDKROOT = iphoneos;
				SWIFT_COMPILATION_MODE = wholemodule;
				VALIDATE_PRODUCT = YES;
			};
			name = Release;
		};
		F60C7D9F2CC00BD1009DDA55 /* Debug */ = {
			isa = XCBuildConfiguration;
			buildSettings = {
				ASSETCATALOG_COMPILER_APPICON_NAME = AppIcon;
				ASSETCATALOG_COMPILER_GLOBAL_ACCENT_COLOR_NAME = AccentColor;
				CODE_SIGN_ENTITLEMENTS = uragent/uragent.entitlements;
				CODE_SIGN_STYLE = Automatic;
				CURRENT_PROJECT_VERSION = 1;
				DEVELOPMENT_ASSET_PATHS = "\"uragent/Preview Content\"";
				DEVELOPMENT_TEAM = 8987UTJ85D;
				ENABLE_PREVIEWS = YES;
				GENERATE_INFOPLIST_FILE = YES;
				INFOPLIST_KEY_UIApplicationSceneManifest_Generation = YES;
				INFOPLIST_KEY_UIApplicationSupportsIndirectInputEvents = YES;
				INFOPLIST_KEY_UILaunchScreen_Generation = YES;
				INFOPLIST_KEY_UISupportedInterfaceOrientations_iPad = "UIInterfaceOrientationPortrait UIInterfaceOrientationPortraitUpsideDown UIInterfaceOrientationLandscapeLeft UIInterfaceOrientationLandscapeRight";
				INFOPLIST_KEY_UISupportedInterfaceOrientations_iPhone = "UIInterfaceOrientationPortrait UIInterfaceOrientationLandscapeLeft UIInterfaceOrientationLandscapeRight";
				LD_RUNPATH_SEARCH_PATHS = (
					"$(inherited)",
					"@executable_path/Frameworks",
				);
				MARKETING_VERSION = 1.0;
				PRODUCT_BUNDLE_IDENTIFIER = abhishyant.uragent;
				PRODUCT_NAME = "$(TARGET_NAME)";
				SWIFT_EMIT_LOC_STRINGS = YES;
				SWIFT_VERSION = 5.0;
				TARGETED_DEVICE_FAMILY = "1,2";
			};
			name = Debug;
		};
		F60C7DA02CC00BD1009DDA55 /* Release */ = {
			isa = XCBuildConfiguration;
			buildSettings = {
				ASSETCATALOG_COMPILER_APPICON_NAME = AppIcon;
				ASSETCATALOG_COMPILER_GLOBAL_ACCENT_COLOR_NAME = AccentColor;
				CODE_SIGN_ENTITLEMENTS = uragent/uragent.entitlements;
				CODE_SIGN_STYLE = Automatic;
				CURRENT_PROJECT_VERSION = 1;
				DEVELOPMENT_ASSET_PATHS = "\"uragent/Preview Content\"";
				DEVELOPMENT_TEAM = 8987UTJ85D;
				ENABLE_PREVIEWS = YES;
				GENERATE_INFOPLIST_FILE = YES;
				INFOPLIST_KEY_UIApplicationSceneManifest_Generation = YES;
				INFOPLIST_KEY_UIApplicationSupportsIndirectInputEvents = YES;
				INFOPLIST_KEY_UILaunchScreen_Generation = YES;
				INFOPLIST_KEY_UISupportedInterfaceOrientations_iPad = "UIInterfaceOrientationPortrait UIInterfaceOrientationPortraitUpsideDown UIInterfaceOrientationLandscapeLeft UIInterfaceOrientationLandscapeRight";
				INFOPLIST_KEY_UISupportedInterfaceOrientations_iPhone = "UIInterfaceOrientationPortrait UIInterfaceOrientationLandscapeLeft UIInterfaceOrientationLandscapeRight";
				LD_RUNPATH_SEARCH_PATHS = (
					"$(inherited)",
					"@executable_path/Frameworks",
				);
				MARKETING_VERSION = 1.0;
				PRODUCT_BUNDLE_IDENTIFIER = abhishyant.uragent;
				PRODUCT_NAME = "$(TARGET_NAME)";
				SWIFT_EMIT_LOC_STRINGS = YES;
				SWIFT_VERSION = 5.0;
				TARGETED_DEVICE_FAMILY = "1,2";
			};
			name = Release;
		};
		F60C7DA22CC00BD1009DDA55 /* Debug */ = {
			isa = XCBuildConfiguration;
			buildSettings = {
				ALWAYS_EMBED_SWIFT_STANDARD_LIBRARIES = YES;
				BUNDLE_LOADER = "$(TEST_HOST)";
				CODE_SIGN_STYLE = Automatic;
				CURRENT_PROJECT_VERSION = 1;
				DEVELOPMENT_TEAM = 8987UTJ85D;
				GENERATE_INFOPLIST_FILE = YES;
				IPHONEOS_DEPLOYMENT_TARGET = 17.5;
				MARKETING_VERSION = 1.0;
				PRODUCT_BUNDLE_IDENTIFIER = abhishyant.uragentTests;
				PRODUCT_NAME = "$(TARGET_NAME)";
				SWIFT_EMIT_LOC_STRINGS = NO;
				SWIFT_VERSION = 5.0;
				TARGETED_DEVICE_FAMILY = "1,2";
				TEST_HOST = "$(BUILT_PRODUCTS_DIR)/uragent.app/$(BUNDLE_EXECUTABLE_FOLDER_PATH)/uragent";
			};
			name = Debug;
		};
		F60C7DA32CC00BD1009DDA55 /* Release */ = {
			isa = XCBuildConfiguration;
			buildSettings = {
				ALWAYS_EMBED_SWIFT_STANDARD_LIBRARIES = YES;
				BUNDLE_LOADER = "$(TEST_HOST)";
				CODE_SIGN_STYLE = Automatic;
				CURRENT_PROJECT_VERSION = 1;
				DEVELOPMENT_TEAM = 8987UTJ85D;
				GENERATE_INFOPLIST_FILE = YES;
				IPHONEOS_DEPLOYMENT_TARGET = 17.5;
				MARKETING_VERSION = 1.0;
				PRODUCT_BUNDLE_IDENTIFIER = abhishyant.uragentTests;
				PRODUCT_NAME = "$(TARGET_NAME)";
				SWIFT_EMIT_LOC_STRINGS = NO;
				SWIFT_VERSION = 5.0;
				TARGETED_DEVICE_FAMILY = "1,2";
				TEST_HOST = "$(BUILT_PRODUCTS_DIR)/uragent.app/$(BUNDLE_EXECUTABLE_FOLDER_PATH)/uragent";
			};
			name = Release;
		};
		F60C7DA52CC00BD1009DDA55 /* Debug */ = {
			isa = XCBuildConfiguration;
			buildSettings = {
				ALWAYS_EMBED_SWIFT_STANDARD_LIBRARIES = YES;
				CODE_SIGN_STYLE = Automatic;
				CURRENT_PROJECT_VERSION = 1;
				DEVELOPMENT_TEAM = 8987UTJ85D;
				GENERATE_INFOPLIST_FILE = YES;
				MARKETING_VERSION = 1.0;
				PRODUCT_BUNDLE_IDENTIFIER = abhishyant.uragentUITests;
				PRODUCT_NAME = "$(TARGET_NAME)";
				SWIFT_EMIT_LOC_STRINGS = NO;
				SWIFT_VERSION = 5.0;
				TARGETED_DEVICE_FAMILY = "1,2";
				TEST_TARGET_NAME = uragent;
			};
			name = Debug;
		};
		F60C7DA62CC00BD1009DDA55 /* Release */ = {
			isa = XCBuildConfiguration;
			buildSettings = {
				ALWAYS_EMBED_SWIFT_STANDARD_LIBRARIES = YES;
				CODE_SIGN_STYLE = Automatic;
				CURRENT_PROJECT_VERSION = 1;
				DEVELOPMENT_TEAM = 8987UTJ85D;
				GENERATE_INFOPLIST_FILE = YES;
				MARKETING_VERSION = 1.0;
				PRODUCT_BUNDLE_IDENTIFIER = abhishyant.uragentUITests;
				PRODUCT_NAME = "$(TARGET_NAME)";
				SWIFT_EMIT_LOC_STRINGS = NO;
				SWIFT_VERSION = 5.0;
				TARGETED_DEVICE_FAMILY = "1,2";
				TEST_TARGET_NAME = uragent;
			};
			name = Release;
		};
/* End XCBuildConfiguration section */

/* Begin XCConfigurationList section */
		F60C7D752CC00BD0009DDA55 /* Build configuration list for PBXProject "uragent" */ = {
			isa = XCConfigurationList;
			buildConfigurations = (
				F60C7D9C2CC00BD1009DDA55 /* Debug */,
				F60C7D9D2CC00BD1009DDA55 /* Release */,
			);
			defaultConfigurationIsVisible = 0;
			defaultConfigurationName = Release;
		};
		F60C7D9E2CC00BD1009DDA55 /* Build configuration list for PBXNativeTarget "uragent" */ = {
			isa = XCConfigurationList;
			buildConfigurations = (
				F60C7D9F2CC00BD1009DDA55 /* Debug */,
				F60C7DA02CC00BD1009DDA55 /* Release */,
			);
			defaultConfigurationIsVisible = 0;
			defaultConfigurationName = Release;
		};
		F60C7DA12CC00BD1009DDA55 /* Build configuration list for PBXNativeTarget "uragentTests" */ = {
			isa = XCConfigurationList;
			buildConfigurations = (
				F60C7DA22CC00BD1009DDA55 /* Debug */,
				F60C7DA32CC00BD1009DDA55 /* Release */,
			);
			defaultConfigurationIsVisible = 0;
			defaultConfigurationName = Release;
		};
		F60C7DA42CC00BD1009DDA55 /* Build configuration list for PBXNativeTarget "uragentUITests" */ = {
			isa = XCConfigurationList;
			buildConfigurations = (
				F60C7DA52CC00BD1009DDA55 /* Debug */,
				F60C7DA62CC00BD1009DDA55 /* Release */,
			);
			defaultConfigurationIsVisible = 0;
			defaultConfigurationName = Release;
		};
/* End XCConfigurationList section */
	};
	rootObject = F60C7D722CC00BD0009DDA55 /* Project object */;
}
